// !$*UTF8*$!
{
	archiveVersion = 1;
	classes = {
	};
	objectVersion = 50;
	objects = {

/* Begin PBXBuildFile section */
		041FA4922139369D00278317 /* AppDelegate.m in Sources */ = {isa = PBXBuildFile; fileRef = 041FA4912139369D00278317 /* AppDelegate.m */; };
		041FA4952139369D00278317 /* ViewController.m in Sources */ = {isa = PBXBuildFile; fileRef = 041FA4942139369D00278317 /* ViewController.m */; };
		041FA4982139369D00278317 /* Main.storyboard in Resources */ = {isa = PBXBuildFile; fileRef = 041FA4962139369D00278317 /* Main.storyboard */; };
		041FA49A213936A000278317 /* Assets.xcassets in Resources */ = {isa = PBXBuildFile; fileRef = 041FA499213936A000278317 /* Assets.xcassets */; };
		041FA49D213936A000278317 /* LaunchScreen.storyboard in Resources */ = {isa = PBXBuildFile; fileRef = 041FA49B213936A000278317 /* LaunchScreen.storyboard */; };
		041FA4A0213936A000278317 /* main.m in Sources */ = {isa = PBXBuildFile; fileRef = 041FA49F213936A000278317 /* main.m */; };
		041FA4AA213936A000278317 /* ESAutoHeightImageScrollTests.m in Sources */ = {isa = PBXBuildFile; fileRef = 041FA4A9213936A000278317 /* ESAutoHeightImageScrollTests.m */; };
		041FA4B5213936A000278317 /* ESAutoHeightImageScrollUITests.m in Sources */ = {isa = PBXBuildFile; fileRef = 041FA4B4213936A000278317 /* ESAutoHeightImageScrollUITests.m */; };
/* End PBXBuildFile section */

/* Begin PBXContainerItemProxy section */
		041FA4A6213936A000278317 /* PBXContainerItemProxy */ = {
			isa = PBXContainerItemProxy;
			containerPortal = 041FA4852139369D00278317 /* Project object */;
			proxyType = 1;
			remoteGlobalIDString = 041FA48C2139369D00278317;
			remoteInfo = ESAutoHeightImageScroll;
		};
		041FA4B1213936A000278317 /* PBXContainerItemProxy */ = {
			isa = PBXContainerItemProxy;
			containerPortal = 041FA4852139369D00278317 /* Project object */;
			proxyType = 1;
			remoteGlobalIDString = 041FA48C2139369D00278317;
			remoteInfo = ESAutoHeightImageScroll;
		};
/* End PBXContainerItemProxy section */

/* Begin PBXFileReference section */
		041FA48D2139369D00278317 /* ESAutoHeightImageScroll.app */ = {isa = PBXFileReference; explicitFileType = wrapper.application; includeInIndex = 0; path = ESAutoHeightImageScroll.app; sourceTree = BUILT_PRODUCTS_DIR; };
		041FA4902139369D00278317 /* AppDelegate.h */ = {isa = PBXFileReference; lastKnownFileType = sourcecode.c.h; path = AppDelegate.h; sourceTree = "<group>"; };
		041FA4912139369D00278317 /* AppDelegate.m */ = {isa = PBXFileReference; lastKnownFileType = sourcecode.c.objc; path = AppDelegate.m; sourceTree = "<group>"; };
		041FA4932139369D00278317 /* ViewController.h */ = {isa = PBXFileReference; lastKnownFileType = sourcecode.c.h; path = ViewController.h; sourceTree = "<group>"; };
		041FA4942139369D00278317 /* ViewController.m */ = {isa = PBXFileReference; lastKnownFileType = sourcecode.c.objc; path = ViewController.m; sourceTree = "<group>"; };
		041FA4972139369D00278317 /* Base */ = {isa = PBXFileReference; lastKnownFileType = file.storyboard; name = Base; path = Base.lproj/Main.storyboard; sourceTree = "<group>"; };
		041FA499213936A000278317 /* Assets.xcassets */ = {isa = PBXFileReference; lastKnownFileType = folder.assetcatalog; path = Assets.xcassets; sourceTree = "<group>"; };
		041FA49C213936A000278317 /* Base */ = {isa = PBXFileReference; lastKnownFileType = file.storyboard; name = Base; path = Base.lproj/LaunchScreen.storyboard; sourceTree = "<group>"; };
		041FA49E213936A000278317 /* Info.plist */ = {isa = PBXFileReference; lastKnownFileType = text.plist.xml; path = Info.plist; sourceTree = "<group>"; };
		041FA49F213936A000278317 /* main.m */ = {isa = PBXFileReference; lastKnownFileType = sourcecode.c.objc; path = main.m; sourceTree = "<group>"; };
		041FA4A5213936A000278317 /* ESAutoHeightImageScrollTests.xctest */ = {isa = PBXFileReference; explicitFileType = wrapper.cfbundle; includeInIndex = 0; path = ESAutoHeightImageScrollTests.xctest; sourceTree = BUILT_PRODUCTS_DIR; };
		041FA4A9213936A000278317 /* ESAutoHeightImageScrollTests.m */ = {isa = PBXFileReference; lastKnownFileType = sourcecode.c.objc; path = ESAutoHeightImageScrollTests.m; sourceTree = "<group>"; };
		041FA4AB213936A000278317 /* Info.plist */ = {isa = PBXFileReference; lastKnownFileType = text.plist.xml; path = Info.plist; sourceTree = "<group>"; };
		041FA4B0213936A000278317 /* ESAutoHeightImageScrollUITests.xctest */ = {isa = PBXFileReference; explicitFileType = wrapper.cfbundle; includeInIndex = 0; path = ESAutoHeightImageScrollUITests.xctest; sourceTree = BUILT_PRODUCTS_DIR; };
		041FA4B4213936A000278317 /* ESAutoHeightImageScrollUITests.m */ = {isa = PBXFileReference; lastKnownFileType = sourcecode.c.objc; path = ESAutoHeightImageScrollUITests.m; sourceTree = "<group>"; };
		041FA4B6213936A000278317 /* Info.plist */ = {isa = PBXFileReference; lastKnownFileType = text.plist.xml; path = Info.plist; sourceTree = "<group>"; };
/* End PBXFileReference section */

/* Begin PBXFrameworksBuildPhase section */
		041FA48A2139369D00278317 /* Frameworks */ = {
			isa = PBXFrameworksBuildPhase;
			buildActionMask = 2147483647;
			files = (
			);
			runOnlyForDeploymentPostprocessing = 0;
		};
		041FA4A2213936A000278317 /* Frameworks */ = {
			isa = PBXFrameworksBuildPhase;
			buildActionMask = 2147483647;
			files = (
			);
			runOnlyForDeploymentPostprocessing = 0;
		};
		041FA4AD213936A000278317 /* Frameworks */ = {
			isa = PBXFrameworksBuildPhase;
			buildActionMask = 2147483647;
			files = (
			);
			runOnlyForDeploymentPostprocessing = 0;
		};
/* End PBXFrameworksBuildPhase section */

/* Begin PBXGroup section */
		041FA4842139369D00278317 = {
			isa = PBXGroup;
			children = (
				041FA48F2139369D00278317 /* ESAutoHeightImageScroll */,
				041FA4A8213936A000278317 /* ESAutoHeightImageScrollTests */,
				041FA4B3213936A000278317 /* ESAutoHeightImageScrollUITests */,
				041FA48E2139369D00278317 /* Products */,
			);
			sourceTree = "<group>";
		};
		041FA48E2139369D00278317 /* Products */ = {
			isa = PBXGroup;
			children = (
				041FA48D2139369D00278317 /* ESAutoHeightImageScroll.app */,
				041FA4A5213936A000278317 /* ESAutoHeightImageScrollTests.xctest */,
				041FA4B0213936A000278317 /* ESAutoHeightImageScrollUITests.xctest */,
			);
			name = Products;
			sourceTree = "<group>";
		};
		041FA48F2139369D00278317 /* ESAutoHeightImageScroll */ = {
			isa = PBXGroup;
			children = (
				041FA4902139369D00278317 /* AppDelegate.h */,
				041FA4912139369D00278317 /* AppDelegate.m */,
				041FA4932139369D00278317 /* ViewController.h */,
				041FA4942139369D00278317 /* ViewController.m */,
				041FA4962139369D00278317 /* Main.storyboard */,
				041FA499213936A000278317 /* Assets.xcassets */,
				041FA49B213936A000278317 /* LaunchScreen.storyboard */,
				041FA49E213936A000278317 /* Info.plist */,
				041FA49F213936A000278317 /* main.m */,
			);
			path = ESAutoHeightImageScroll;
			sourceTree = "<group>";
		};
		041FA4A8213936A000278317 /* ESAutoHeightImageScrollTests */ = {
			isa = PBXGroup;
			children = (
				041FA4A9213936A000278317 /* ESAutoHeightImageScrollTests.m */,
				041FA4AB213936A000278317 /* Info.plist */,
			);
			path = ESAutoHeightImageScrollTests;
			sourceTree = "<group>";
		};
		041FA4B3213936A000278317 /* ESAutoHeightImageScrollUITests */ = {
			isa = PBXGroup;
			children = (
				041FA4B4213936A000278317 /* ESAutoHeightImageScrollUITests.m */,
				041FA4B6213936A000278317 /* Info.plist */,
			);
			path = ESAutoHeightImageScrollUITests;
			sourceTree = "<group>";
		};
/* End PBXGroup section */

/* Begin PBXNativeTarget section */
		041FA48C2139369D00278317 /* ESAutoHeightImageScroll */ = {
			isa = PBXNativeTarget;
			buildConfigurationList = 041FA4B9213936A000278317 /* Build configuration list for PBXNativeTarget "ESAutoHeightImageScroll" */;
			buildPhases = (
				041FA4892139369D00278317 /* Sources */,
				041FA48A2139369D00278317 /* Frameworks */,
				041FA48B2139369D00278317 /* Resources */,
			);
			buildRules = (
			);
			dependencies = (
			);
			name = ESAutoHeightImageScroll;
			productName = ESAutoHeightImageScroll;
			productReference = 041FA48D2139369D00278317 /* ESAutoHeightImageScroll.app */;
			productType = "com.apple.product-type.application";
		};
		041FA4A4213936A000278317 /* ESAutoHeightImageScrollTests */ = {
			isa = PBXNativeTarget;
			buildConfigurationList = 041FA4BC213936A000278317 /* Build configuration list for PBXNativeTarget "ESAutoHeightImageScrollTests" */;
			buildPhases = (
				041FA4A1213936A000278317 /* Sources */,
				041FA4A2213936A000278317 /* Frameworks */,
				041FA4A3213936A000278317 /* Resources */,
			);
			buildRules = (
			);
			dependencies = (
				041FA4A7213936A000278317 /* PBXTargetDependency */,
			);
			name = ESAutoHeightImageScrollTests;
			productName = ESAutoHeightImageScrollTests;
			productReference = 041FA4A5213936A000278317 /* ESAutoHeightImageScrollTests.xctest */;
			productType = "com.apple.product-type.bundle.unit-test";
		};
		041FA4AF213936A000278317 /* ESAutoHeightImageScrollUITests */ = {
			isa = PBXNativeTarget;
			buildConfigurationList = 041FA4BF213936A000278317 /* Build configuration list for PBXNativeTarget "ESAutoHeightImageScrollUITests" */;
			buildPhases = (
				041FA4AC213936A000278317 /* Sources */,
				041FA4AD213936A000278317 /* Frameworks */,
				041FA4AE213936A000278317 /* Resources */,
			);
			buildRules = (
			);
			dependencies = (
				041FA4B2213936A000278317 /* PBXTargetDependency */,
			);
			name = ESAutoHeightImageScrollUITests;
			productName = ESAutoHeightImageScrollUITests;
			productReference = 041FA4B0213936A000278317 /* ESAutoHeightImageScrollUITests.xctest */;
			productType = "com.apple.product-type.bundle.ui-testing";
		};
/* End PBXNativeTarget section */

/* Begin PBXProject section */
		041FA4852139369D00278317 /* Project object */ = {
			isa = PBXProject;
			attributes = {
				LastUpgradeCheck = 0940;
				ORGANIZATIONNAME = lql;
				TargetAttributes = {
					041FA48C2139369D00278317 = {
						CreatedOnToolsVersion = 9.4.1;
					};
					041FA4A4213936A000278317 = {
						CreatedOnToolsVersion = 9.4.1;
						TestTargetID = 041FA48C2139369D00278317;
					};
					041FA4AF213936A000278317 = {
						CreatedOnToolsVersion = 9.4.1;
						TestTargetID = 041FA48C2139369D00278317;
					};
				};
			};
			buildConfigurationList = 041FA4882139369D00278317 /* Build configuration list for PBXProject "ESAutoHeightImageScroll" */;
			compatibilityVersion = "Xcode 9.3";
			developmentRegion = en;
			hasScannedForEncodings = 0;
			knownRegions = (
				en,
				Base,
			);
			mainGroup = 041FA4842139369D00278317;
			productRefGroup = 041FA48E2139369D00278317 /* Products */;
			projectDirPath = "";
			projectRoot = "";
			targets = (
				041FA48C2139369D00278317 /* ESAutoHeightImageScroll */,
				041FA4A4213936A000278317 /* ESAutoHeightImageScrollTests */,
				041FA4AF213936A000278317 /* ESAutoHeightImageScrollUITests */,
			);
		};
/* End PBXProject section */

/* Begin PBXResourcesBuildPhase section */
		041FA48B2139369D00278317 /* Resources */ = {
			isa = PBXResourcesBuildPhase;
			buildActionMask = 2147483647;
			files = (
				041FA49D213936A000278317 /* LaunchScreen.storyboard in Resources */,
				041FA49A213936A000278317 /* Assets.xcassets in Resources */,
				041FA4982139369D00278317 /* Main.storyboard in Resources */,
			);
			runOnlyForDeploymentPostprocessing = 0;
		};
		041FA4A3213936A000278317 /* Resources */ = {
			isa = PBXResourcesBuildPhase;
			buildActionMask = 2147483647;
			files = (
			);
			runOnlyForDeploymentPostprocessing = 0;
		};
		041FA4AE213936A000278317 /* Resources */ = {
			isa = PBXResourcesBuildPhase;
			buildActionMask = 2147483647;
			files = (
			);
			runOnlyForDeploymentPostprocessing = 0;
		};
/* End PBXResourcesBuildPhase section */

/* Begin PBXSourcesBuildPhase section */
		041FA4892139369D00278317 /* Sources */ = {
			isa = PBXSourcesBuildPhase;
			buildActionMask = 2147483647;
			files = (
				041FA4952139369D00278317 /* ViewController.m in Sources */,
				041FA4A0213936A000278317 /* main.m in Sources */,
				041FA4922139369D00278317 /* AppDelegate.m in Sources */,
			);
			runOnlyForDeploymentPostprocessing = 0;
		};
		041FA4A1213936A000278317 /* Sources */ = {
			isa = PBXSourcesBuildPhase;
			buildActionMask = 2147483647;
			files = (
				041FA4AA213936A000278317 /* ESAutoHeightImageScrollTests.m in Sources */,
			);
			runOnlyForDeploymentPostprocessing = 0;
		};
		041FA4AC213936A000278317 /* Sources */ = {
			isa = PBXSourcesBuildPhase;
			buildActionMask = 2147483647;
			files = (
				041FA4B5213936A000278317 /* ESAutoHeightImageScrollUITests.m in Sources */,
			);
			runOnlyForDeploymentPostprocessing = 0;
		};
/* End PBXSourcesBuildPhase section */

/* Begin PBXTargetDependency section */
		041FA4A7213936A000278317 /* PBXTargetDependency */ = {
			isa = PBXTargetDependency;
			target = 041FA48C2139369D00278317 /* ESAutoHeightImageScroll */;
			targetProxy = 041FA4A6213936A000278317 /* PBXContainerItemProxy */;
		};
		041FA4B2213936A000278317 /* PBXTargetDependency */ = {
			isa = PBXTargetDependency;
			target = 041FA48C2139369D00278317 /* ESAutoHeightImageScroll */;
			targetProxy = 041FA4B1213936A000278317 /* PBXContainerItemProxy */;
		};
/* End PBXTargetDependency section */

/* Begin PBXVariantGroup section */
		041FA4962139369D00278317 /* Main.storyboard */ = {
			isa = PBXVariantGroup;
			children = (
				041FA4972139369D00278317 /* Base */,
			);
			name = Main.storyboard;
			sourceTree = "<group>";
		};
		041FA49B213936A000278317 /* LaunchScreen.storyboard */ = {
			isa = PBXVariantGroup;
			children = (
				041FA49C213936A000278317 /* Base */,
			);
			name = LaunchScreen.storyboard;
			sourceTree = "<group>";
		};
/* End PBXVariantGroup section */

/* Begin XCBuildConfiguration section */
		041FA4B7213936A000278317 /* Debug */ = {
			isa = XCBuildConfiguration;
			buildSettings = {
				ALWAYS_SEARCH_USER_PATHS = NO;
				CLANG_ANALYZER_NONNULL = YES;
				CLANG_ANALYZER_NUMBER_OBJECT_CONVERSION = YES_AGGRESSIVE;
				CLANG_CXX_LANGUAGE_STANDARD = "gnu++14";
				CLANG_CXX_LIBRARY = "libc++";
				CLANG_ENABLE_MODULES = YES;
				CLANG_ENABLE_OBJC_ARC = YES;
				CLANG_ENABLE_OBJC_WEAK = YES;
				CLANG_WARN_BLOCK_CAPTURE_AUTORELEASING = YES;
				CLANG_WARN_BOOL_CONVERSION = YES;
				CLANG_WARN_COMMA = YES;
				CLANG_WARN_CONSTANT_CONVERSION = YES;
				CLANG_WARN_DEPRECATED_OBJC_IMPLEMENTATIONS = YES;
				CLANG_WARN_DIRECT_OBJC_ISA_USAGE = YES_ERROR;
				CLANG_WARN_DOCUMENTATION_COMMENTS = YES;
				CLANG_WARN_EMPTY_BODY = YES;
				CLANG_WARN_ENUM_CONVERSION = YES;
				CLANG_WARN_INFINITE_RECURSION = YES;
				CLANG_WARN_INT_CONVERSION = YES;
				CLANG_WARN_NON_LITERAL_NULL_CONVERSION = YES;
				CLANG_WARN_OBJC_IMPLICIT_RETAIN_SELF = YES;
				CLANG_WARN_OBJC_LITERAL_CONVERSION = YES;
				CLANG_WARN_OBJC_ROOT_CLASS = YES_ERROR;
				CLANG_WARN_RANGE_LOOP_ANALYSIS = YES;
				CLANG_WARN_STRICT_PROTOTYPES = YES;
				CLANG_WARN_SUSPICIOUS_MOVE = YES;
				CLANG_WARN_UNGUARDED_AVAILABILITY = YES_AGGRESSIVE;
				CLANG_WARN_UNREACHABLE_CODE = YES;
				CLANG_WARN__DUPLICATE_METHOD_MATCH = YES;
				CODE_SIGN_IDENTITY = "iPhone Developer";
				COPY_PHASE_STRIP = NO;
				DEBUG_INFORMATION_FORMAT = dwarf;
				ENABLE_STRICT_OBJC_MSGSEND = YES;
				ENABLE_TESTABILITY = YES;
				GCC_C_LANGUAGE_STANDARD = gnu11;
				GCC_DYNAMIC_NO_PIC = NO;
				GCC_NO_COMMON_BLOCKS = YES;
				GCC_OPTIMIZATION_LEVEL = 0;
				GCC_PREPROCESSOR_DEFINITIONS = (
					"DEBUG=1",
					"$(inherited)",
				);
				GCC_WARN_64_TO_32_BIT_CONVERSION = YES;
				GCC_WARN_ABOUT_RETURN_TYPE = YES_ERROR;
				GCC_WARN_UNDECLARED_SELECTOR = YES;
				GCC_WARN_UNINITIALIZED_AUTOS = YES_AGGRESSIVE;
				GCC_WARN_UNUSED_FUNCTION = YES;
				GCC_WARN_UNUSED_VARIABLE = YES;
				IPHONEOS_DEPLOYMENT_TARGET = 11.4;
				MTL_ENABLE_DEBUG_INFO = YES;
				ONLY_ACTIVE_ARCH = YES;
				SDKROOT = iphoneos;
			};
			name = Debug;
		};
		041FA4B8213936A000278317 /* Release */ = {
			isa = XCBuildConfiguration;
			buildSettings = {
				ALWAYS_SEARCH_USER_PATHS = NO;
				CLANG_ANALYZER_NONNULL = YES;
				CLANG_ANALYZER_NUMBER_OBJECT_CONVERSION = YES_AGGRESSIVE;
				CLANG_CXX_LANGUAGE_STANDARD = "gnu++14";
				CLANG_CXX_LIBRARY = "libc++";
				CLANG_ENABLE_MODULES = YES;
				CLANG_ENABLE_OBJC_ARC = YES;
				CLANG_ENABLE_OBJC_WEAK = YES;
				CLANG_WARN_BLOCK_CAPTURE_AUTORELEASING = YES;
				CLANG_WARN_BOOL_CONVERSION = YES;
				CLANG_WARN_COMMA = YES;
				CLANG_WARN_CONSTANT_CONVERSION = YES;
				CLANG_WARN_DEPRECATED_OBJC_IMPLEMENTATIONS = YES;
				CLANG_WARN_DIRECT_OBJC_ISA_USAGE = YES_ERROR;
				CLANG_WARN_DOCUMENTATION_COMMENTS = YES;
				CLANG_WARN_EMPTY_BODY = YES;
				CLANG_WARN_ENUM_CONVERSION = YES;
				CLANG_WARN_INFINITE_RECURSION = YES;
				CLANG_WARN_INT_CONVERSION = YES;
				CLANG_WARN_NON_LITERAL_NULL_CONVERSION = YES;
				CLANG_WARN_OBJC_IMPLICIT_RETAIN_SELF = YES;
				CLANG_WARN_OBJC_LITERAL_CONVERSION = YES;
				CLANG_WARN_OBJC_ROOT_CLASS = YES_ERROR;
				CLANG_WARN_RANGE_LOOP_ANALYSIS = YES;
				CLANG_WARN_STRICT_PROTOTYPES = YES;
				CLANG_WARN_SUSPICIOUS_MOVE = YES;
				CLANG_WARN_UNGUARDED_AVAILABILITY = YES_AGGRESSIVE;
				CLANG_WARN_UNREACHABLE_CODE = YES;
				CLANG_WARN__DUPLICATE_METHOD_MATCH = YES;
				CODE_SIGN_IDENTITY = "iPhone Developer";
				COPY_PHASE_STRIP = NO;
				DEBUG_INFORMATION_FORMAT = "dwarf-with-dsym";
				ENABLE_NS_ASSERTIONS = NO;
				ENABLE_STRICT_OBJC_MSGSEND = YES;
				GCC_C_LANGUAGE_STANDARD = gnu11;
				GCC_NO_COMMON_BLOCKS = YES;
				GCC_WARN_64_TO_32_BIT_CONVERSION = YES;
				GCC_WARN_ABOUT_RETURN_TYPE = YES_ERROR;
				GCC_WARN_UNDECLARED_SELECTOR = YES;
				GCC_WARN_UNINITIALIZED_AUTOS = YES_AGGRESSIVE;
				GCC_WARN_UNUSED_FUNCTION = YES;
				GCC_WARN_UNUSED_VARIABLE = YES;
				IPHONEOS_DEPLOYMENT_TARGET = 11.4;
				MTL_ENABLE_DEBUG_INFO = NO;
				SDKROOT = iphoneos;
				VALIDATE_PRODUCT = YES;
			};
			name = Release;
		};
		041FA4BA213936A000278317 /* Debug */ = {
			isa = XCBuildConfiguration;
			buildSettings = {
				ASSETCATALOG_COMPILER_APPICON_NAME = AppIcon;
				CODE_SIGN_STYLE = Automatic;
				DEVELOPMENT_TEAM = 44S4V5SXM4;
				INFOPLIST_FILE = ESAutoHeightImageScroll/Info.plist;
				LD_RUNPATH_SEARCH_PATHS = (
					"$(inherited)",
					"@executable_path/Frameworks",
				);
				PRODUCT_BUNDLE_IDENTIFIER = com.lql.ESAutoHeightImageScroll;
				PRODUCT_NAME = "$(TARGET_NAME)";
				TARGETED_DEVICE_FAMILY = "1,2";
			};
			name = Debug;
		};
		041FA4BB213936A000278317 /* Release */ = {
			isa = XCBuildConfiguration;
			buildSettings = {
				ASSETCATALOG_COMPILER_APPICON_NAME = AppIcon;
				CODE_SIGN_STYLE = Automatic;
				DEVELOPMENT_TEAM = 44S4V5SXM4;
				INFOPLIST_FILE = ESAutoHeightImageScroll/Info.plist;
				LD_RUNPATH_SEARCH_PATHS = (
					"$(inherited)",
					"@executable_path/Frameworks",
				);
				PRODUCT_BUNDLE_IDENTIFIER = com.lql.ESAutoHeightImageScroll;
				PRODUCT_NAME = "$(TARGET_NAME)";
				TARGETED_DEVICE_FAMILY = "1,2";
			};
			name = Release;
		};
		041FA4BD213936A000278317 /* Debug */ = {
			isa = XCBuildConfiguration;
			buildSettings = {
				BUNDLE_LOADER = "$(TEST_HOST)";
				CODE_SIGN_STYLE = Automatic;
				DEVELOPMENT_TEAM = 44S4V5SXM4;
				INFOPLIST_FILE = ESAutoHeightImageScrollTests/Info.plist;
				LD_RUNPATH_SEARCH_PATHS = (
					"$(inherited)",
					"@executable_path/Frameworks",
					"@loader_path/Frameworks",
				);
				PRODUCT_BUNDLE_IDENTIFIER = com.lql.ESAutoHeightImageScrollTests;
				PRODUCT_NAME = "$(TARGET_NAME)";
				TARGETED_DEVICE_FAMILY = "1,2";
				TEST_HOST = "$(BUILT_PRODUCTS_DIR)/ESAutoHeightImageScroll.app/ESAutoHeightImageScroll";
			};
			name = Debug;
		};
		041FA4BE213936A000278317 /* Release */ = {
			isa = XCBuildConfiguration;
			buildSettings = {
				BUNDLE_LOADER = "$(TEST_HOST)";
				CODE_SIGN_STYLE = Automatic;
				DEVELOPMENT_TEAM = 44S4V5SXM4;
				INFOPLIST_FILE = ESAutoHeightImageScrollTests/Info.plist;
				LD_RUNPATH_SEARCH_PATHS = (
					"$(inherited)",
					"@executable_path/Frameworks",
					"@loader_path/Frameworks",
				);
				PRODUCT_BUNDLE_IDENTIFIER = com.lql.ESAutoHeightImageScrollTests;
				PRODUCT_NAME = "$(TARGET_NAME)";
				TARGETED_DEVICE_FAMILY = "1,2";
				TEST_HOST = "$(BUILT_PRODUCTS_DIR)/ESAutoHeightImageScroll.app/ESAutoHeightImageScroll";
			};
			name = Release;
		};
		041FA4C0213936A000278317 /* Debug */ = {
			isa = XCBuildConfiguration;
			buildSettings = {
				CODE_SIGN_STYLE = Automatic;
				DEVELOPMENT_TEAM = 44S4V5SXM4;
				INFOPLIST_FILE = ESAutoHeightImageScrollUITests/Info.plist;
				LD_RUNPATH_SEARCH_PATHS = (
					"$(inherited)",
					"@executable_path/Frameworks",
					"@loader_path/Frameworks",
				);
				PRODUCT_BUNDLE_IDENTIFIER = com.lql.ESAutoHeightImageScrollUITests;
				PRODUCT_NAME = "$(TARGET_NAME)";
				TARGETED_DEVICE_FAMILY = "1,2";
				TEST_TARGET_NAME = ESAutoHeightImageScroll;
			};
			name = Debug;
		};
		041FA4C1213936A000278317 /* Release */ = {
			isa = XCBuildConfiguration;
			buildSettings = {
				CODE_SIGN_STYLE = Automatic;
				DEVELOPMENT_TEAM = 44S4V5SXM4;
				INFOPLIST_FILE = ESAutoHeightImageScrollUITests/Info.plist;
				LD_RUNPATH_SEARCH_PATHS = (
					"$(inherited)",
					"@executable_path/Frameworks",
					"@loader_path/Frameworks",
				);
				PRODUCT_BUNDLE_IDENTIFIER = com.lql.ESAutoHeightImageScrollUITests;
				PRODUCT_NAME = "$(TARGET_NAME)";
				TARGETED_DEVICE_FAMILY = "1,2";
				TEST_TARGET_NAME = ESAutoHeightImageScroll;
			};
			name = Release;
		};
/* End XCBuildConfiguration section */

/* Begin XCConfigurationList section */
		041FA4882139369D00278317 /* Build configuration list for PBXProject "ESAutoHeightImageScroll" */ = {
			isa = XCConfigurationList;
			buildConfigurations = (
				041FA4B7213936A000278317 /* Debug */,
				041FA4B8213936A000278317 /* Release */,
			);
			defaultConfigurationIsVisible = 0;
			defaultConfigurationName = Release;
		};
		041FA4B9213936A000278317 /* Build configuration list for PBXNativeTarget "ESAutoHeightImageScroll" */ = {
			isa = XCConfigurationList;
			buildConfigurations = (
				041FA4BA213936A000278317 /* Debug */,
				041FA4BB213936A000278317 /* Release */,
			);
			defaultConfigurationIsVisible = 0;
			defaultConfigurationName = Release;
		};
		041FA4BC213936A000278317 /* Build configuration list for PBXNativeTarget "ESAutoHeightImageScrollTests" */ = {
			isa = XCConfigurationList;
			buildConfigurations = (
				041FA4BD213936A000278317 /* Debug */,
				041FA4BE213936A000278317 /* Release */,
			);
			defaultConfigurationIsVisible = 0;
			defaultConfigurationName = Release;
		};
		041FA4BF213936A000278317 /* Build configuration list for PBXNativeTarget "ESAutoHeightImageScrollUITests" */ = {
			isa = XCConfigurationList;
			buildConfigurations = (
				041FA4C0213936A000278317 /* Debug */,
				041FA4C1213936A000278317 /* Release */,
			);
			defaultConfigurationIsVisible = 0;
			defaultConfigurationName = Release;
		};
/* End XCConfigurationList section */
	};
	rootObject = 041FA4852139369D00278317 /* Project object */;
}
